<?xml version="1.0" encoding="utf-8"?>
<Project ToolsVersion="4.0" xmlns="http://schemas.microsoft.com/developer/msbuild/2003">
  <ItemGroup>
    <Filter Include="Source Files">
      <UniqueIdentifier>{4FC737F1-C7A5-4376-A066-2A32D752A2FF}</UniqueIdentifier>
      <Extensions>cpp;c;cc;cxx;c++;cppm;ixx;def;odl;idl;hpj;bat;asm;asmx</Extensions>
    </Filter>
    <Filter Include="Header Files">
      <UniqueIdentifier>{93995380-89BD-4b04-88EB-625FBE52EBFB}</UniqueIdentifier>
      <Extensions>h;hh;hpp;hxx;h++;hm;inl;inc;ipp;xsd</Extensions>
    </Filter>
    <Filter Include="Resource Files">
      <UniqueIdentifier>{67DA6AB6-F800-4c08-8B7A-83BB121AAD01}</UniqueIdentifier>
      <Extensions>rc;ico;cur;bmp;dlg;rc2;rct;bin;rgs;gif;jpg;jpeg;jpe;resx;tiff;tif;png;wav;mfcribbon-ms</Extensions>
    </Filter>
  </ItemGroup>
  <ItemGroup>
    <ClInclude Include="Include\pch.h">
      <Filter>Header Files</Filter>
    </ClInclude>
    <ClInclude Include="Include\Window.h">
      <Filter>Header Files</Filter>
    </ClInclude>
    <ClInclude Include="Include\Constants.h">
      <Filter>Header Files</Filter>
    </ClInclude>
    <ClInclude Include="Include\Renderer.h">
      <Filter>Header Files</Filter>
    </ClInclude>
    <ClInclude Include="Include\Application.h">
      <Filter>Header Files</Filter>
    </ClInclude>
    <ClInclude Include="Include\HighResolutionClock.h">
      <Filter>Header Files</Filter>
    </ClInclude>
    <ClInclude Include="Include\Helpers.h">
      <Filter>Header Files</Filter>
    </ClInclude>
    <ClInclude Include="Include\InputElements.h">
      <Filter>Header Files</Filter>
    </ClInclude>
    <ClInclude Include="Include\Random.h">
      <Filter>Header Files</Filter>
    </ClInclude>
    <ClInclude Include="Include\ResourceManager.h">
      <Filter>Header Files</Filter>
    </ClInclude>
    <ClInclude Include="Include\ResourceManagerTypes.h">
      <Filter>Header Files</Filter>
    </ClInclude>
    <ClInclude Include="Include\Shader.h">
      <Filter>Header Files</Filter>
    </ClInclude>
    <ClInclude Include="Include\ShaderCompilation.h">
      <Filter>Header Files</Filter>
    </ClInclude>
    <ClInclude Include="Include\StringHash.h">
      <Filter>Header Files</Filter>
    </ClInclude>
    <ClInclude Include="Include\StringId.h">
      <Filter>Header Files</Filter>
    </ClInclude>
    <ClInclude Include="Vendor\DXC\inc\d3d12shader.h">
      <Filter>Header Files</Filter>
    </ClInclude>
    <ClInclude Include="Vendor\DXC\inc\dxcapi.h">
      <Filter>Header Files</Filter>
    </ClInclude>
    <ClInclude Include="Vendor\DXC\inc\dxcerrors.h">
      <Filter>Header Files</Filter>
    </ClInclude>
    <ClInclude Include="Vendor\DXC\inc\dxcisense.h">
      <Filter>Header Files</Filter>
    </ClInclude>
    <ClInclude Include="Vendor\imgui\backends\imgui_impl_allegro5.h">
      <Filter>Header Files</Filter>
    </ClInclude>
    <ClInclude Include="Vendor\imgui\backends\imgui_impl_android.h">
      <Filter>Header Files</Filter>
    </ClInclude>
    <ClInclude Include="Vendor\imgui\backends\imgui_impl_dx10.h">
      <Filter>Header Files</Filter>
    </ClInclude>
    <ClInclude Include="Vendor\imgui\backends\imgui_impl_dx11.h">
      <Filter>Header Files</Filter>
    </ClInclude>
    <ClInclude Include="Vendor\imgui\backends\imgui_impl_dx12.h">
      <Filter>Header Files</Filter>
    </ClInclude>
    <ClInclude Include="Vendor\imgui\backends\imgui_impl_dx9.h">
      <Filter>Header Files</Filter>
    </ClInclude>
    <ClInclude Include="Vendor\imgui\backends\imgui_impl_glfw.h">
      <Filter>Header Files</Filter>
    </ClInclude>
    <ClInclude Include="Vendor\imgui\backends\imgui_impl_glut.h">
      <Filter>Header Files</Filter>
    </ClInclude>
    <ClInclude Include="Vendor\imgui\backends\imgui_impl_metal.h">
      <Filter>Header Files</Filter>
    </ClInclude>
    <ClInclude Include="Vendor\imgui\backends\imgui_impl_opengl2.h">
      <Filter>Header Files</Filter>
    </ClInclude>
    <ClInclude Include="Vendor\imgui\backends\imgui_impl_opengl3.h">
      <Filter>Header Files</Filter>
    </ClInclude>
    <ClInclude Include="Vendor\imgui\backends\imgui_impl_opengl3_loader.h">
      <Filter>Header Files</Filter>
    </ClInclude>
    <ClInclude Include="Vendor\imgui\backends\imgui_impl_osx.h">
      <Filter>Header Files</Filter>
    </ClInclude>
    <ClInclude Include="Vendor\imgui\backends\imgui_impl_sdl2.h">
      <Filter>Header Files</Filter>
    </ClInclude>
    <ClInclude Include="Vendor\imgui\backends\imgui_impl_sdl3.h">
      <Filter>Header Files</Filter>
    </ClInclude>
    <ClInclude Include="Vendor\imgui\backends\imgui_impl_sdlgpu3.h">
      <Filter>Header Files</Filter>
    </ClInclude>
    <ClInclude Include="Vendor\imgui\backends\imgui_impl_sdlgpu3_shaders.h">
      <Filter>Header Files</Filter>
    </ClInclude>
    <ClInclude Include="Vendor\imgui\backends\imgui_impl_sdlrenderer2.h">
      <Filter>Header Files</Filter>
    </ClInclude>
    <ClInclude Include="Vendor\imgui\backends\imgui_impl_sdlrenderer3.h">
      <Filter>Header Files</Filter>
    </ClInclude>
    <ClInclude Include="Vendor\imgui\backends\imgui_impl_vulkan.h">
      <Filter>Header Files</Filter>
    </ClInclude>
    <ClInclude Include="Vendor\imgui\backends\imgui_impl_wgpu.h">
      <Filter>Header Files</Filter>
    </ClInclude>
    <ClInclude Include="Vendor\imgui\backends\imgui_impl_win32.h">
      <Filter>Header Files</Filter>
    </ClInclude>
    <ClInclude Include="Vendor\imgui\examples\example_allegro5\imconfig_allegro5.h">
      <Filter>Header Files</Filter>
    </ClInclude>
    <ClInclude Include="Vendor\imgui\examples\libs\emscripten\emscripten_mainloop_stub.h">
      <Filter>Header Files</Filter>
    </ClInclude>
    <ClInclude Include="Vendor\imgui\examples\libs\glfw\include\GLFW\glfw3.h">
      <Filter>Header Files</Filter>
    </ClInclude>
    <ClInclude Include="Vendor\imgui\examples\libs\glfw\include\GLFW\glfw3native.h">
      <Filter>Header Files</Filter>
    </ClInclude>
    <ClInclude Include="Vendor\imgui\examples\libs\usynergy\uSynergy.h">
      <Filter>Header Files</Filter>
    </ClInclude>
    <ClInclude Include="Vendor\imgui\imconfig.h">
      <Filter>Header Files</Filter>
    </ClInclude>
    <ClInclude Include="Vendor\imgui\imgui.h">
      <Filter>Header Files</Filter>
    </ClInclude>
    <ClInclude Include="Vendor\imgui\imgui_internal.h">
      <Filter>Header Files</Filter>
    </ClInclude>
    <ClInclude Include="Vendor\imgui\imstb_rectpack.h">
      <Filter>Header Files</Filter>
    </ClInclude>
    <ClInclude Include="Vendor\imgui\imstb_textedit.h">
      <Filter>Header Files</Filter>
    </ClInclude>
    <ClInclude Include="Vendor\imgui\imstb_truetype.h">
      <Filter>Header Files</Filter>
    </ClInclude>
    <ClInclude Include="Vendor\imgui\misc\cpp\imgui_stdlib.h">
      <Filter>Header Files</Filter>
    </ClInclude>
    <ClInclude Include="Vendor\imgui\misc\freetype\imgui_freetype.h">
      <Filter>Header Files</Filter>
    </ClInclude>
    <ClInclude Include="Vendor\imgui\misc\single_file\imgui_single_file.h">
      <Filter>Header Files</Filter>
    </ClInclude>
  </ItemGroup>
  <ItemGroup>
    <ClCompile Include="Source\WinMain.cpp">
      <Filter>Source Files</Filter>
    </ClCompile>
    <ClCompile Include="Source\Window.cpp">
      <Filter>Source Files</Filter>
    </ClCompile>
    <ClCompile Include="Source\Renderer.cpp">
      <Filter>Source Files</Filter>
    </ClCompile>
    <ClCompile Include="Source\Application.cpp">
      <Filter>Source Files</Filter>
    </ClCompile>
    <ClCompile Include="Source\HIghResolutionClock.cpp">
      <Filter>Source Files</Filter>
    </ClCompile>
    <ClCompile Include="Source\Helpers.cpp">
      <Filter>Source Files</Filter>
    </ClCompile>
    <ClCompile Include="Source\InputElements.cpp">
      <Filter>Source Files</Filter>
    </ClCompile>
    <ClCompile Include="Source\Random.cpp">
      <Filter>Source Files</Filter>
    </ClCompile>
    <ClCompile Include="Source\ResourceManager.cpp">
      <Filter>Source Files</Filter>
    </ClCompile>
    <ClCompile Include="Source\ResourceManagerTypes.cpp">
      <Filter>Source Files</Filter>
    </ClCompile>
    <ClCompile Include="Source\Shader.cpp">
      <Filter>Source Files</Filter>
    </ClCompile>
    <ClCompile Include="Source\ShaderCompilation.cpp">
      <Filter>Source Files</Filter>
    </ClCompile>
    <ClCompile Include="Source\StringId.cpp">
      <Filter>Source Files</Filter>
    </ClCompile>
    <ClCompile Include="Vendor\imgui\backends\imgui_impl_dx12.cpp">
      <Filter>Source Files</Filter>
    </ClCompile>
    <ClCompile Include="Vendor\imgui\backends\imgui_impl_win32.cpp">
      <Filter>Source Files</Filter>
    </ClCompile>
    <ClCompile Include="Vendor\imgui\imgui.cpp">
      <Filter>Source Files</Filter>
    </ClCompile>
    <ClCompile Include="Vendor\imgui\imgui_demo.cpp">
      <Filter>Source Files</Filter>
    </ClCompile>
    <ClCompile Include="Vendor\imgui\imgui_draw.cpp">
      <Filter>Source Files</Filter>
    </ClCompile>
    <ClCompile Include="Vendor\imgui\imgui_tables.cpp">
      <Filter>Source Files</Filter>
    </ClCompile>
    <ClCompile Include="Vendor\imgui\imgui_widgets.cpp">
      <Filter>Source Files</Filter>
    </ClCompile>
    <ClCompile Include="Vendor\ImGui\misc\cpp\imgui_stdlib.cpp">
      <Filter>Source Files</Filter>
    </ClCompile>
  </ItemGroup>
  <ItemGroup>
    <Natvis Include="Vendor\imgui\misc\debuggers\imgui.natvis" />
  </ItemGroup>
  <ItemGroup>
    <None Include="packages.config" />
  </ItemGroup>
</Project>